// !$*UTF8*$!
{
	archiveVersion = 1;
	classes = {
	};
	objectVersion = 50;
	objects = {

/* Begin PBXBuildFile section */
		FA80FC392163B5DF00452C5A /* AppDelegate.swift in Sources */ = {isa = PBXBuildFile; fileRef = FA80FC382163B5DF00452C5A /* AppDelegate.swift */; };
		FA80FC3E2163B5DF00452C5A /* Main.storyboard in Resources */ = {isa = PBXBuildFile; fileRef = FA80FC3C2163B5DF00452C5A /* Main.storyboard */; };
		FA80FC432163B5E100452C5A /* LaunchScreen.storyboard in Resources */ = {isa = PBXBuildFile; fileRef = FA80FC412163B5E100452C5A /* LaunchScreen.storyboard */; };
		FA80FC4D2163BA8C00452C5A /* TeamsController.swift in Sources */ = {isa = PBXBuildFile; fileRef = FA80FC4C2163BA8C00452C5A /* TeamsController.swift */; };
		FA80FC4F2163BC6B00452C5A /* Team.swift in Sources */ = {isa = PBXBuildFile; fileRef = FA80FC4E2163BC6B00452C5A /* Team.swift */; };
		FA80FC512163C3A300452C5A /* TeamCell.swift in Sources */ = {isa = PBXBuildFile; fileRef = FA80FC502163C3A300452C5A /* TeamCell.swift */; };
		FA9D3A0C2175028600CFF3CD /* PickerAlertController.swift in Sources */ = {isa = PBXBuildFile; fileRef = FA9D3A0B2175028600CFF3CD /* PickerAlertController.swift */; };
		FA9D3A0E2176023700CFF3CD /* SCDAPIResponse.swift in Sources */ = {isa = PBXBuildFile; fileRef = FA9D3A0D2176023700CFF3CD /* SCDAPIResponse.swift */; };
		FA9D3A102176030F00CFF3CD /* SCDAPIMonthSCD.swift in Sources */ = {isa = PBXBuildFile; fileRef = FA9D3A0F2176030F00CFF3CD /* SCDAPIMonthSCD.swift */; };
		FA9D3A12217603A000CFF3CD /* SCDAPIMonth.swift in Sources */ = {isa = PBXBuildFile; fileRef = FA9D3A11217603A000CFF3CD /* SCDAPIMonth.swift */; };
		FA9D3A142176044F00CFF3CD /* SCDAPIGame.swift in Sources */ = {isa = PBXBuildFile; fileRef = FA9D3A132176044F00CFF3CD /* SCDAPIGame.swift */; };
		FA9D3A16217604F000CFF3CD /* SCDAPITeam.swift in Sources */ = {isa = PBXBuildFile; fileRef = FA9D3A15217604F000CFF3CD /* SCDAPITeam.swift */; };
		FA9D3A1C21761A0000CFF3CD /* Schedule.swift in Sources */ = {isa = PBXBuildFile; fileRef = FA9D3A1B21761A0000CFF3CD /* Schedule.swift */; };
		FA9D3A1E21761B4E00CFF3CD /* ScheduleMonth.swift in Sources */ = {isa = PBXBuildFile; fileRef = FA9D3A1D21761B4E00CFF3CD /* ScheduleMonth.swift */; };
		FA9D3A2021761BC600CFF3CD /* ScheduleGame.swift in Sources */ = {isa = PBXBuildFile; fileRef = FA9D3A1F21761BC600CFF3CD /* ScheduleGame.swift */; };
		FA9D3A22217667A900CFF3CD /* TeamInfoSegmentedControl.swift in Sources */ = {isa = PBXBuildFile; fileRef = FA9D3A21217667A900CFF3CD /* TeamInfoSegmentedControl.swift */; };
		FA9D3A2B2177913000CFF3CD /* TeamInfoController.swift in Sources */ = {isa = PBXBuildFile; fileRef = FA9D3A2A2177913000CFF3CD /* TeamInfoController.swift */; };
		FA9D3A2D2179F22B00CFF3CD /* ScheduleController.swift in Sources */ = {isa = PBXBuildFile; fileRef = FA9D3A2C2179F22A00CFF3CD /* ScheduleController.swift */; };
		FA9D3A312179F91600CFF3CD /* ScheduleGameCell.swift in Sources */ = {isa = PBXBuildFile; fileRef = FA9D3A302179F91600CFF3CD /* ScheduleGameCell.swift */; };
		FABB4D752163E24000FEBE2A /* DivisionCell.swift in Sources */ = {isa = PBXBuildFile; fileRef = FABB4D742163E24000FEBE2A /* DivisionCell.swift */; };
		FABB4D782163E98C00FEBE2A /* PlayerCell.swift in Sources */ = {isa = PBXBuildFile; fileRef = FABB4D772163E98C00FEBE2A /* PlayerCell.swift */; };
		FABB4D7A2163E9C100FEBE2A /* PlayersController.swift in Sources */ = {isa = PBXBuildFile; fileRef = FABB4D792163E9C100FEBE2A /* PlayersController.swift */; };
		FABB4D7C2163EB2800FEBE2A /* Player.swift in Sources */ = {isa = PBXBuildFile; fileRef = FABB4D7B2163EB2800FEBE2A /* Player.swift */; };
		FABB4D7E2163FABD00FEBE2A /* APIResponse.swift in Sources */ = {isa = PBXBuildFile; fileRef = FABB4D7D2163FABD00FEBE2A /* APIResponse.swift */; };
		FABB4D812163FB5B00FEBE2A /* APIResultSets.swift in Sources */ = {isa = PBXBuildFile; fileRef = FABB4D802163FB5B00FEBE2A /* APIResultSets.swift */; };
		FABB4D832163FBF700FEBE2A /* APIParameters.swift in Sources */ = {isa = PBXBuildFile; fileRef = FABB4D822163FBF700FEBE2A /* APIParameters.swift */; };
		FABB4D852164ABFF00FEBE2A /* APIManager.swift in Sources */ = {isa = PBXBuildFile; fileRef = FABB4D842164ABFF00FEBE2A /* APIManager.swift */; };
		FABB4D872164B2FA00FEBE2A /* APIRowSet.swift in Sources */ = {isa = PBXBuildFile; fileRef = FABB4D862164B2FA00FEBE2A /* APIRowSet.swift */; };
		FADFBCFA216FA04100A92EB5 /* TeamInfoNavBarTitleView.swift in Sources */ = {isa = PBXBuildFile; fileRef = FADFBCF9216FA04100A92EB5 /* TeamInfoNavBarTitleView.swift */; };
		FAF82010217B632E00762091 /* TeamMenuBarView.swift in Sources */ = {isa = PBXBuildFile; fileRef = FAF8200F217B632E00762091 /* TeamMenuBarView.swift */; };
		FAF82014217F1BB700762091 /* TeamInfoCell.swift in Sources */ = {isa = PBXBuildFile; fileRef = FAF82013217F1BB700762091 /* TeamInfoCell.swift */; };
		FAF82018217F3D0B00762091 /* Assets.xcassets in Resources */ = {isa = PBXBuildFile; fileRef = FAF82017217F3D0B00762091 /* Assets.xcassets */; };
		FAF8201A217F550E00762091 /* ColorableNavigationController.swift in Sources */ = {isa = PBXBuildFile; fileRef = FAF82019217F550E00762091 /* ColorableNavigationController.swift */; };
/* End PBXBuildFile section */

/* Begin PBXFileReference section */
		FA80FC352163B5DF00452C5A /* NBATestApp.app */ = {isa = PBXFileReference; explicitFileType = wrapper.application; includeInIndex = 0; path = NBATestApp.app; sourceTree = BUILT_PRODUCTS_DIR; };
		FA80FC382163B5DF00452C5A /* AppDelegate.swift */ = {isa = PBXFileReference; lastKnownFileType = sourcecode.swift; path = AppDelegate.swift; sourceTree = "<group>"; };
		FA80FC3D2163B5DF00452C5A /* Base */ = {isa = PBXFileReference; lastKnownFileType = file.storyboard; name = Base; path = Base.lproj/Main.storyboard; sourceTree = "<group>"; };
		FA80FC422163B5E100452C5A /* Base */ = {isa = PBXFileReference; lastKnownFileType = file.storyboard; name = Base; path = Base.lproj/LaunchScreen.storyboard; sourceTree = "<group>"; };
		FA80FC442163B5E100452C5A /* Info.plist */ = {isa = PBXFileReference; lastKnownFileType = text.plist.xml; path = Info.plist; sourceTree = "<group>"; };
		FA80FC4C2163BA8C00452C5A /* TeamsController.swift */ = {isa = PBXFileReference; lastKnownFileType = sourcecode.swift; path = TeamsController.swift; sourceTree = "<group>"; };
		FA80FC4E2163BC6B00452C5A /* Team.swift */ = {isa = PBXFileReference; lastKnownFileType = sourcecode.swift; path = Team.swift; sourceTree = "<group>"; };
		FA80FC502163C3A300452C5A /* TeamCell.swift */ = {isa = PBXFileReference; lastKnownFileType = sourcecode.swift; path = TeamCell.swift; sourceTree = "<group>"; };
		FA9D3A0B2175028600CFF3CD /* PickerAlertController.swift */ = {isa = PBXFileReference; lastKnownFileType = sourcecode.swift; path = PickerAlertController.swift; sourceTree = "<group>"; };
		FA9D3A0D2176023700CFF3CD /* SCDAPIResponse.swift */ = {isa = PBXFileReference; lastKnownFileType = sourcecode.swift; path = SCDAPIResponse.swift; sourceTree = "<group>"; };
		FA9D3A0F2176030F00CFF3CD /* SCDAPIMonthSCD.swift */ = {isa = PBXFileReference; lastKnownFileType = sourcecode.swift; path = SCDAPIMonthSCD.swift; sourceTree = "<group>"; };
		FA9D3A11217603A000CFF3CD /* SCDAPIMonth.swift */ = {isa = PBXFileReference; lastKnownFileType = sourcecode.swift; path = SCDAPIMonth.swift; sourceTree = "<group>"; };
		FA9D3A132176044F00CFF3CD /* SCDAPIGame.swift */ = {isa = PBXFileReference; lastKnownFileType = sourcecode.swift; path = SCDAPIGame.swift; sourceTree = "<group>"; };
		FA9D3A15217604F000CFF3CD /* SCDAPITeam.swift */ = {isa = PBXFileReference; lastKnownFileType = sourcecode.swift; path = SCDAPITeam.swift; sourceTree = "<group>"; };
		FA9D3A1B21761A0000CFF3CD /* Schedule.swift */ = {isa = PBXFileReference; lastKnownFileType = sourcecode.swift; path = Schedule.swift; sourceTree = "<group>"; };
		FA9D3A1D21761B4E00CFF3CD /* ScheduleMonth.swift */ = {isa = PBXFileReference; lastKnownFileType = sourcecode.swift; path = ScheduleMonth.swift; sourceTree = "<group>"; };
		FA9D3A1F21761BC600CFF3CD /* ScheduleGame.swift */ = {isa = PBXFileReference; lastKnownFileType = sourcecode.swift; path = ScheduleGame.swift; sourceTree = "<group>"; };
		FA9D3A21217667A900CFF3CD /* TeamInfoSegmentedControl.swift */ = {isa = PBXFileReference; lastKnownFileType = sourcecode.swift; path = TeamInfoSegmentedControl.swift; sourceTree = "<group>"; };
		FA9D3A2A2177913000CFF3CD /* TeamInfoController.swift */ = {isa = PBXFileReference; lastKnownFileType = sourcecode.swift; path = TeamInfoController.swift; sourceTree = "<group>"; };
		FA9D3A2C2179F22A00CFF3CD /* ScheduleController.swift */ = {isa = PBXFileReference; lastKnownFileType = sourcecode.swift; path = ScheduleController.swift; sourceTree = "<group>"; };
		FA9D3A302179F91600CFF3CD /* ScheduleGameCell.swift */ = {isa = PBXFileReference; lastKnownFileType = sourcecode.swift; path = ScheduleGameCell.swift; sourceTree = "<group>"; };
		FABB4D742163E24000FEBE2A /* DivisionCell.swift */ = {isa = PBXFileReference; lastKnownFileType = sourcecode.swift; path = DivisionCell.swift; sourceTree = "<group>"; };
		FABB4D772163E98C00FEBE2A /* PlayerCell.swift */ = {isa = PBXFileReference; lastKnownFileType = sourcecode.swift; path = PlayerCell.swift; sourceTree = "<group>"; };
		FABB4D792163E9C100FEBE2A /* PlayersController.swift */ = {isa = PBXFileReference; lastKnownFileType = sourcecode.swift; path = PlayersController.swift; sourceTree = "<group>"; };
		FABB4D7B2163EB2800FEBE2A /* Player.swift */ = {isa = PBXFileReference; lastKnownFileType = sourcecode.swift; path = Player.swift; sourceTree = "<group>"; };
		FABB4D7D2163FABD00FEBE2A /* APIResponse.swift */ = {isa = PBXFileReference; lastKnownFileType = sourcecode.swift; path = APIResponse.swift; sourceTree = "<group>"; };
		FABB4D802163FB5B00FEBE2A /* APIResultSets.swift */ = {isa = PBXFileReference; lastKnownFileType = sourcecode.swift; path = APIResultSets.swift; sourceTree = "<group>"; };
		FABB4D822163FBF700FEBE2A /* APIParameters.swift */ = {isa = PBXFileReference; lastKnownFileType = sourcecode.swift; path = APIParameters.swift; sourceTree = "<group>"; };
		FABB4D842164ABFF00FEBE2A /* APIManager.swift */ = {isa = PBXFileReference; lastKnownFileType = sourcecode.swift; path = APIManager.swift; sourceTree = "<group>"; };
		FABB4D862164B2FA00FEBE2A /* APIRowSet.swift */ = {isa = PBXFileReference; lastKnownFileType = sourcecode.swift; path = APIRowSet.swift; sourceTree = "<group>"; };
		FADFBCF9216FA04100A92EB5 /* TeamInfoNavBarTitleView.swift */ = {isa = PBXFileReference; lastKnownFileType = sourcecode.swift; path = TeamInfoNavBarTitleView.swift; sourceTree = "<group>"; };
		FAF8200F217B632E00762091 /* TeamMenuBarView.swift */ = {isa = PBXFileReference; lastKnownFileType = sourcecode.swift; path = TeamMenuBarView.swift; sourceTree = "<group>"; };
		FAF82013217F1BB700762091 /* TeamInfoCell.swift */ = {isa = PBXFileReference; lastKnownFileType = sourcecode.swift; path = TeamInfoCell.swift; sourceTree = "<group>"; };
		FAF82017217F3D0B00762091 /* Assets.xcassets */ = {isa = PBXFileReference; lastKnownFileType = folder.assetcatalog; path = Assets.xcassets; sourceTree = "<group>"; };
		FAF82019217F550E00762091 /* ColorableNavigationController.swift */ = {isa = PBXFileReference; fileEncoding = 4; lastKnownFileType = sourcecode.swift; path = ColorableNavigationController.swift; sourceTree = "<group>"; };
/* End PBXFileReference section */

/* Begin PBXFrameworksBuildPhase section */
		FA80FC322163B5DF00452C5A /* Frameworks */ = {
			isa = PBXFrameworksBuildPhase;
			buildActionMask = 2147483647;
			files = (
			);
			runOnlyForDeploymentPostprocessing = 0;
		};
/* End PBXFrameworksBuildPhase section */

/* Begin PBXGroup section */
		FA80FC2C2163B5DF00452C5A = {
			isa = PBXGroup;
			children = (
				FA80FC372163B5DF00452C5A /* NBATestApp */,
				FA80FC362163B5DF00452C5A /* Products */,
			);
			sourceTree = "<group>";
		};
		FA80FC362163B5DF00452C5A /* Products */ = {
			isa = PBXGroup;
			children = (
				FA80FC352163B5DF00452C5A /* NBATestApp.app */,
			);
			name = Products;
			sourceTree = "<group>";
		};
		FA80FC372163B5DF00452C5A /* NBATestApp */ = {
			isa = PBXGroup;
			children = (
				FA80FC382163B5DF00452C5A /* AppDelegate.swift */,
				FABB4D842164ABFF00FEBE2A /* APIManager.swift */,
				FAF82015217F268D00762091 /* Custom UI elements */,
				FABB4D7F2163FB0600FEBE2A /* Model */,
				FABB4D762163E95A00FEBE2A /* Cells */,
				FAF82016217F26AF00762091 /* Controllers */,
				FA80FC3C2163B5DF00452C5A /* Main.storyboard */,
				FA80FC412163B5E100452C5A /* LaunchScreen.storyboard */,
				FAF82019217F550E00762091 /* ColorableNavigationController.swift */,
				FA80FC442163B5E100452C5A /* Info.plist */,
				FAF82017217F3D0B00762091 /* Assets.xcassets */,
			);
			path = NBATestApp;
			sourceTree = "<group>";
		};
		FA9D3A19217609FE00CFF3CD /* NBA Schedule API */ = {
			isa = PBXGroup;
			children = (
				FA9D3A0D2176023700CFF3CD /* SCDAPIResponse.swift */,
				FA9D3A0F2176030F00CFF3CD /* SCDAPIMonthSCD.swift */,
				FA9D3A11217603A000CFF3CD /* SCDAPIMonth.swift */,
				FA9D3A132176044F00CFF3CD /* SCDAPIGame.swift */,
				FA9D3A15217604F000CFF3CD /* SCDAPITeam.swift */,
			);
			path = "NBA Schedule API";
			sourceTree = "<group>";
		};
		FA9D3A1A21760A1700CFF3CD /* NBA Stats API */ = {
			isa = PBXGroup;
			children = (
				FABB4D7D2163FABD00FEBE2A /* APIResponse.swift */,
				FABB4D822163FBF700FEBE2A /* APIParameters.swift */,
				FABB4D802163FB5B00FEBE2A /* APIResultSets.swift */,
				FABB4D862164B2FA00FEBE2A /* APIRowSet.swift */,
			);
			path = "NBA Stats API";
			sourceTree = "<group>";
		};
		FABB4D762163E95A00FEBE2A /* Cells */ = {
			isa = PBXGroup;
			children = (
				FABB4D742163E24000FEBE2A /* DivisionCell.swift */,
				FA80FC502163C3A300452C5A /* TeamCell.swift */,
				FABB4D772163E98C00FEBE2A /* PlayerCell.swift */,
				FA9D3A302179F91600CFF3CD /* ScheduleGameCell.swift */,
				FAF82013217F1BB700762091 /* TeamInfoCell.swift */,
			);
			path = Cells;
			sourceTree = "<group>";
		};
		FABB4D7F2163FB0600FEBE2A /* Model */ = {
			isa = PBXGroup;
			children = (
				FA80FC4E2163BC6B00452C5A /* Team.swift */,
				FABB4D7B2163EB2800FEBE2A /* Player.swift */,
				FA9D3A1B21761A0000CFF3CD /* Schedule.swift */,
				FA9D3A1D21761B4E00CFF3CD /* ScheduleMonth.swift */,
				FA9D3A1F21761BC600CFF3CD /* ScheduleGame.swift */,
				FA9D3A1A21760A1700CFF3CD /* NBA Stats API */,
				FA9D3A19217609FE00CFF3CD /* NBA Schedule API */,
			);
			path = Model;
			sourceTree = "<group>";
		};
		FAF82015217F268D00762091 /* Custom UI elements */ = {
			isa = PBXGroup;
			children = (
				FADFBCF9216FA04100A92EB5 /* TeamInfoNavBarTitleView.swift */,
				FA9D3A21217667A900CFF3CD /* TeamInfoSegmentedControl.swift */,
				FA9D3A0B2175028600CFF3CD /* PickerAlertController.swift */,
				FAF8200F217B632E00762091 /* TeamMenuBarView.swift */,
			);
			path = "Custom UI elements";
			sourceTree = "<group>";
		};
		FAF82016217F26AF00762091 /* Controllers */ = {
			isa = PBXGroup;
			children = (
				FA80FC4C2163BA8C00452C5A /* TeamsController.swift */,
				FA9D3A2A2177913000CFF3CD /* TeamInfoController.swift */,
				FABB4D792163E9C100FEBE2A /* PlayersController.swift */,
				FA9D3A2C2179F22A00CFF3CD /* ScheduleController.swift */,
			);
			path = Controllers;
			sourceTree = "<group>";
		};
/* End PBXGroup section */

/* Begin PBXNativeTarget section */
		FA80FC342163B5DF00452C5A /* NBATestApp */ = {
			isa = PBXNativeTarget;
			buildConfigurationList = FA80FC472163B5E100452C5A /* Build configuration list for PBXNativeTarget "NBATestApp" */;
			buildPhases = (
				FA80FC312163B5DF00452C5A /* Sources */,
				FA80FC322163B5DF00452C5A /* Frameworks */,
				FA80FC332163B5DF00452C5A /* Resources */,
			);
			buildRules = (
			);
			dependencies = (
			);
			name = NBATestApp;
			productName = HWLesson5;
			productReference = FA80FC352163B5DF00452C5A /* NBATestApp.app */;
			productType = "com.apple.product-type.application";
		};
/* End PBXNativeTarget section */

/* Begin PBXProject section */
		FA80FC2D2163B5DF00452C5A /* Project object */ = {
			isa = PBXProject;
			attributes = {
				LastSwiftUpdateCheck = 1000;
				LastUpgradeCheck = 1000;
				ORGANIZATIONNAME = "Alex Delin";
				TargetAttributes = {
					FA80FC342163B5DF00452C5A = {
						CreatedOnToolsVersion = 10.0;
					};
				};
			};
			buildConfigurationList = FA80FC302163B5DF00452C5A /* Build configuration list for PBXProject "NBATestApp" */;
			compatibilityVersion = "Xcode 9.3";
			developmentRegion = en;
			hasScannedForEncodings = 0;
			knownRegions = (
				en,
				Base,
			);
			mainGroup = FA80FC2C2163B5DF00452C5A;
			productRefGroup = FA80FC362163B5DF00452C5A /* Products */;
			projectDirPath = "";
			projectRoot = "";
			targets = (
				FA80FC342163B5DF00452C5A /* NBATestApp */,
			);
		};
/* End PBXProject section */

/* Begin PBXResourcesBuildPhase section */
		FA80FC332163B5DF00452C5A /* Resources */ = {
			isa = PBXResourcesBuildPhase;
			buildActionMask = 2147483647;
			files = (
				FA80FC432163B5E100452C5A /* LaunchScreen.storyboard in Resources */,
				FAF82018217F3D0B00762091 /* Assets.xcassets in Resources */,
				FA80FC3E2163B5DF00452C5A /* Main.storyboard in Resources */,
			);
			runOnlyForDeploymentPostprocessing = 0;
		};
/* End PBXResourcesBuildPhase section */

/* Begin PBXSourcesBuildPhase section */
		FA80FC312163B5DF00452C5A /* Sources */ = {
			isa = PBXSourcesBuildPhase;
			buildActionMask = 2147483647;
			files = (
				FABB4D852164ABFF00FEBE2A /* APIManager.swift in Sources */,
				FABB4D782163E98C00FEBE2A /* PlayerCell.swift in Sources */,
				FA9D3A0E2176023700CFF3CD /* SCDAPIResponse.swift in Sources */,
				FA80FC512163C3A300452C5A /* TeamCell.swift in Sources */,
				FA9D3A142176044F00CFF3CD /* SCDAPIGame.swift in Sources */,
				FA9D3A102176030F00CFF3CD /* SCDAPIMonthSCD.swift in Sources */,
				FABB4D812163FB5B00FEBE2A /* APIResultSets.swift in Sources */,
				FA80FC4F2163BC6B00452C5A /* Team.swift in Sources */,
				FA9D3A2B2177913000CFF3CD /* TeamInfoController.swift in Sources */,
				FA9D3A22217667A900CFF3CD /* TeamInfoSegmentedControl.swift in Sources */,
				FA80FC4D2163BA8C00452C5A /* TeamsController.swift in Sources */,
				FAF8201A217F550E00762091 /* ColorableNavigationController.swift in Sources */,
				FA9D3A12217603A000CFF3CD /* SCDAPIMonth.swift in Sources */,
				FAF82014217F1BB700762091 /* TeamInfoCell.swift in Sources */,
				FABB4D832163FBF700FEBE2A /* APIParameters.swift in Sources */,
				FABB4D752163E24000FEBE2A /* DivisionCell.swift in Sources */,
				FA9D3A1C21761A0000CFF3CD /* Schedule.swift in Sources */,
				FABB4D872164B2FA00FEBE2A /* APIRowSet.swift in Sources */,
				FA9D3A2021761BC600CFF3CD /* ScheduleGame.swift in Sources */,
				FA9D3A1E21761B4E00CFF3CD /* ScheduleMonth.swift in Sources */,
				FABB4D7C2163EB2800FEBE2A /* Player.swift in Sources */,
				FA80FC392163B5DF00452C5A /* AppDelegate.swift in Sources */,
				FABB4D7A2163E9C100FEBE2A /* PlayersController.swift in Sources */,
				FADFBCFA216FA04100A92EB5 /* TeamInfoNavBarTitleView.swift in Sources */,
				FA9D3A0C2175028600CFF3CD /* PickerAlertController.swift in Sources */,
				FA9D3A16217604F000CFF3CD /* SCDAPITeam.swift in Sources */,
				FA9D3A312179F91600CFF3CD /* ScheduleGameCell.swift in Sources */,
				FABB4D7E2163FABD00FEBE2A /* APIResponse.swift in Sources */,
				FAF82010217B632E00762091 /* TeamMenuBarView.swift in Sources */,
				FA9D3A2D2179F22B00CFF3CD /* ScheduleController.swift in Sources */,
			);
			runOnlyForDeploymentPostprocessing = 0;
		};
/* End PBXSourcesBuildPhase section */

/* Begin PBXVariantGroup section */
		FA80FC3C2163B5DF00452C5A /* Main.storyboard */ = {
			isa = PBXVariantGroup;
			children = (
				FA80FC3D2163B5DF00452C5A /* Base */,
			);
			name = Main.storyboard;
			sourceTree = "<group>";
		};
		FA80FC412163B5E100452C5A /* LaunchScreen.storyboard */ = {
			isa = PBXVariantGroup;
			children = (
				FA80FC422163B5E100452C5A /* Base */,
			);
			name = LaunchScreen.storyboard;
			sourceTree = "<group>";
		};
/* End PBXVariantGroup section */

/* Begin XCBuildConfiguration section */
		FA80FC452163B5E100452C5A /* Debug */ = {
			isa = XCBuildConfiguration;
			buildSettings = {
				ALWAYS_SEARCH_USER_PATHS = NO;
				CLANG_ANALYZER_NONNULL = YES;
				CLANG_ANALYZER_NUMBER_OBJECT_CONVERSION = YES_AGGRESSIVE;
				CLANG_CXX_LANGUAGE_STANDARD = "gnu++14";
				CLANG_CXX_LIBRARY = "libc++";
				CLANG_ENABLE_MODULES = YES;
				CLANG_ENABLE_OBJC_ARC = YES;
				CLANG_ENABLE_OBJC_WEAK = YES;
				CLANG_WARN_BLOCK_CAPTURE_AUTORELEASING = YES;
				CLANG_WARN_BOOL_CONVERSION = YES;
				CLANG_WARN_COMMA = YES;
				CLANG_WARN_CONSTANT_CONVERSION = YES;
				CLANG_WARN_DEPRECATED_OBJC_IMPLEMENTATIONS = YES;
				CLANG_WARN_DIRECT_OBJC_ISA_USAGE = YES_ERROR;
				CLANG_WARN_DOCUMENTATION_COMMENTS = YES;
				CLANG_WARN_EMPTY_BODY = YES;
				CLANG_WARN_ENUM_CONVERSION = YES;
				CLANG_WARN_INFINITE_RECURSION = YES;
				CLANG_WARN_INT_CONVERSION = YES;
				CLANG_WARN_NON_LITERAL_NULL_CONVERSION = YES;
				CLANG_WARN_OBJC_IMPLICIT_RETAIN_SELF = YES;
				CLANG_WARN_OBJC_LITERAL_CONVERSION = YES;
				CLANG_WARN_OBJC_ROOT_CLASS = YES_ERROR;
				CLANG_WARN_RANGE_LOOP_ANALYSIS = YES;
				CLANG_WARN_STRICT_PROTOTYPES = YES;
				CLANG_WARN_SUSPICIOUS_MOVE = YES;
				CLANG_WARN_UNGUARDED_AVAILABILITY = YES_AGGRESSIVE;
				CLANG_WARN_UNREACHABLE_CODE = YES;
				CLANG_WARN__DUPLICATE_METHOD_MATCH = YES;
				CODE_SIGN_IDENTITY = "iPhone Developer";
				COPY_PHASE_STRIP = NO;
				DEBUG_INFORMATION_FORMAT = dwarf;
				ENABLE_STRICT_OBJC_MSGSEND = YES;
				ENABLE_TESTABILITY = YES;
				GCC_C_LANGUAGE_STANDARD = gnu11;
				GCC_DYNAMIC_NO_PIC = NO;
				GCC_NO_COMMON_BLOCKS = YES;
				GCC_OPTIMIZATION_LEVEL = 0;
				GCC_PREPROCESSOR_DEFINITIONS = (
					"DEBUG=1",
					"$(inherited)",
				);
				GCC_WARN_64_TO_32_BIT_CONVERSION = YES;
				GCC_WARN_ABOUT_RETURN_TYPE = YES_ERROR;
				GCC_WARN_UNDECLARED_SELECTOR = YES;
				GCC_WARN_UNINITIALIZED_AUTOS = YES_AGGRESSIVE;
				GCC_WARN_UNUSED_FUNCTION = YES;
				GCC_WARN_UNUSED_VARIABLE = YES;
				IPHONEOS_DEPLOYMENT_TARGET = 12.0;
				MTL_ENABLE_DEBUG_INFO = INCLUDE_SOURCE;
				MTL_FAST_MATH = YES;
				ONLY_ACTIVE_ARCH = YES;
				SDKROOT = iphoneos;
				SWIFT_ACTIVE_COMPILATION_CONDITIONS = DEBUG;
				SWIFT_OPTIMIZATION_LEVEL = "-Onone";
			};
			name = Debug;
		};
		FA80FC462163B5E100452C5A /* Release */ = {
			isa = XCBuildConfiguration;
			buildSettings = {
				ALWAYS_SEARCH_USER_PATHS = NO;
				CLANG_ANALYZER_NONNULL = YES;
				CLANG_ANALYZER_NUMBER_OBJECT_CONVERSION = YES_AGGRESSIVE;
				CLANG_CXX_LANGUAGE_STANDARD = "gnu++14";
				CLANG_CXX_LIBRARY = "libc++";
				CLANG_ENABLE_MODULES = YES;
				CLANG_ENABLE_OBJC_ARC = YES;
				CLANG_ENABLE_OBJC_WEAK = YES;
				CLANG_WARN_BLOCK_CAPTURE_AUTORELEASING = YES;
				CLANG_WARN_BOOL_CONVERSION = YES;
				CLANG_WARN_COMMA = YES;
				CLANG_WARN_CONSTANT_CONVERSION = YES;
				CLANG_WARN_DEPRECATED_OBJC_IMPLEMENTATIONS = YES;
				CLANG_WARN_DIRECT_OBJC_ISA_USAGE = YES_ERROR;
				CLANG_WARN_DOCUMENTATION_COMMENTS = YES;
				CLANG_WARN_EMPTY_BODY = YES;
				CLANG_WARN_ENUM_CONVERSION = YES;
				CLANG_WARN_INFINITE_RECURSION = YES;
				CLANG_WARN_INT_CONVERSION = YES;
				CLANG_WARN_NON_LITERAL_NULL_CONVERSION = YES;
				CLANG_WARN_OBJC_IMPLICIT_RETAIN_SELF = YES;
				CLANG_WARN_OBJC_LITERAL_CONVERSION = YES;
				CLANG_WARN_OBJC_ROOT_CLASS = YES_ERROR;
				CLANG_WARN_RANGE_LOOP_ANALYSIS = YES;
				CLANG_WARN_STRICT_PROTOTYPES = YES;
				CLANG_WARN_SUSPICIOUS_MOVE = YES;
				CLANG_WARN_UNGUARDED_AVAILABILITY = YES_AGGRESSIVE;
				CLANG_WARN_UNREACHABLE_CODE = YES;
				CLANG_WARN__DUPLICATE_METHOD_MATCH = YES;
				CODE_SIGN_IDENTITY = "iPhone Developer";
				COPY_PHASE_STRIP = NO;
				DEBUG_INFORMATION_FORMAT = "dwarf-with-dsym";
				ENABLE_NS_ASSERTIONS = NO;
				ENABLE_STRICT_OBJC_MSGSEND = YES;
				GCC_C_LANGUAGE_STANDARD = gnu11;
				GCC_NO_COMMON_BLOCKS = YES;
				GCC_WARN_64_TO_32_BIT_CONVERSION = YES;
				GCC_WARN_ABOUT_RETURN_TYPE = YES_ERROR;
				GCC_WARN_UNDECLARED_SELECTOR = YES;
				GCC_WARN_UNINITIALIZED_AUTOS = YES_AGGRESSIVE;
				GCC_WARN_UNUSED_FUNCTION = YES;
				GCC_WARN_UNUSED_VARIABLE = YES;
				IPHONEOS_DEPLOYMENT_TARGET = 12.0;
				MTL_ENABLE_DEBUG_INFO = NO;
				MTL_FAST_MATH = YES;
				SDKROOT = iphoneos;
				SWIFT_COMPILATION_MODE = wholemodule;
				SWIFT_OPTIMIZATION_LEVEL = "-O";
				VALIDATE_PRODUCT = YES;
			};
			name = Release;
		};
		FA80FC482163B5E100452C5A /* Debug */ = {
			isa = XCBuildConfiguration;
			buildSettings = {
				ASSETCATALOG_COMPILER_APPICON_NAME = AppIcon;
				CODE_SIGN_STYLE = Automatic;
				DEVELOPMENT_TEAM = CU9VA4YC8Q;
				INFOPLIST_FILE = "$(SRCROOT)/NBATestApp/Info.plist";
				LD_RUNPATH_SEARCH_PATHS = (
					"$(inherited)",
					"@executable_path/Frameworks",
				);
				PRODUCT_BUNDLE_IDENTIFIER = com.alexdelin.NBATestApp;
				PRODUCT_NAME = "$(TARGET_NAME)";
				SWIFT_VERSION = 4.2;
				TARGETED_DEVICE_FAMILY = "1,2";
			};
			name = Debug;
		};
		FA80FC492163B5E100452C5A /* Release */ = {
			isa = XCBuildConfiguration;
			buildSettings = {
				ASSETCATALOG_COMPILER_APPICON_NAME = AppIcon;
				CODE_SIGN_STYLE = Automatic;
				DEVELOPMENT_TEAM = CU9VA4YC8Q;
				INFOPLIST_FILE = "$(SRCROOT)/NBATestApp/Info.plist";
				LD_RUNPATH_SEARCH_PATHS = (
					"$(inherited)",
					"@executable_path/Frameworks",
				);
				PRODUCT_BUNDLE_IDENTIFIER = com.alexdelin.NBATestApp;
				PRODUCT_NAME = "$(TARGET_NAME)";
				SWIFT_VERSION = 4.2;
				TARGETED_DEVICE_FAMILY = "1,2";
			};
			name = Release;
		};
/* End XCBuildConfiguration section */

/* Begin XCConfigurationList section */
		FA80FC302163B5DF00452C5A /* Build configuration list for PBXProject "NBATestApp" */ = {
			isa = XCConfigurationList;
			buildConfigurations = (
				FA80FC452163B5E100452C5A /* Debug */,
				FA80FC462163B5E100452C5A /* Release */,
			);
			defaultConfigurationIsVisible = 0;
			defaultConfigurationName = Release;
		};
		FA80FC472163B5E100452C5A /* Build configuration list for PBXNativeTarget "NBATestApp" */ = {
			isa = XCConfigurationList;
			buildConfigurations = (
				FA80FC482163B5E100452C5A /* Debug */,
				FA80FC492163B5E100452C5A /* Release */,
			);
			defaultConfigurationIsVisible = 0;
			defaultConfigurationName = Release;
		};
/* End XCConfigurationList section */
	};
	rootObject = FA80FC2D2163B5DF00452C5A /* Project object */;
}
